
Microsoft Visual Studio Solution File, Format Version 12.00
# Visual Studio Version 16
VisualStudioVersion = 16.0.29613.14
MinimumVisualStudioVersion = 10.0.40219.1
Project("{FAE04EC0-301F-11D3-BF4B-00C04F79EFBC}") = "FluentValidationApi", "FluentValidationApi\FluentValidationApi.csproj", "{A3326EA4-85A5-4025-A491-8E2259A2E010}"
EndProject
Global
	GlobalSection(SolutionConfigurationPlatforms) = preSolution
		Debug|Any CPU = Debug|Any CPU
		Release|Any CPU = Release|Any CPU
	EndGlobalSection
	GlobalSection(ProjectConfigurationPlatforms) = postSolution
		{A3326EA4-85A5-4025-A491-8E2259A2E010}.Debug|Any CPU.ActiveCfg = Debug|Any CPU
		{A3326EA4-85A5-4025-A491-8E2259A2E010}.Debug|Any CPU.Build.0 = Debug|Any CPU
		{A3326EA4-85A5-4025-A491-8E2259A2E010}.Release|Any CPU.ActiveCfg = Release|Any CPU
		{A3326EA4-85A5-4025-A491-8E2259A2E010}.Release|Any CPU.Build.0 = Release|Any CPU
	EndGlobalSection
	GlobalSection(SolutionProperties) = preSolution
		HideSolutionNode = FALSE
	EndGlobalSection
	GlobalSection(ExtensibilityGlobals) = postSolution
		SolutionGuid = {DD623378-0DCE-40BB-A7E6-10CE2A0A7078}
	EndGlobalSection
EndGlobal
